
Microsoft Visual Studio Solution File, Format Version 12.00
# Visual Studio Version 16
VisualStudioVersion = 16.0.31025.194
MinimumVisualStudioVersion = 10.0.40219.1
Project("{FAE04EC0-301F-11D3-BF4B-00C04F79EFBC}") = "DataBindingExample", "DataBindingExample.csproj", "{6E7A0CCD-2DC2-497A-8AF6-7BF0455771DA}"
EndProject
Global
	GlobalSection(SolutionConfigurationPlatforms) = preSolution
		Debug|Any CPU = Debug|Any CPU
		Release|Any CPU = Release|Any CPU
	EndGlobalSection
	GlobalSection(ProjectConfigurationPlatforms) = postSolution
		{6E7A0CCD-2DC2-497A-8AF6-7BF0455771DA}.Debug|Any CPU.ActiveCfg = Debug|Any CPU
		{6E7A0CCD-2DC2-497A-8AF6-7BF0455771DA}.Debug|Any CPU.Build.0 = Debug|Any CPU
		{6E7A0CCD-2DC2-497A-8AF6-7BF0455771DA}.Release|Any CPU.ActiveCfg = Release|Any CPU
		{6E7A0CCD-2DC2-497A-8AF6-7BF0455771DA}.Release|Any CPU.Build.0 = Release|Any CPU
	EndGlobalSection
	GlobalSection(SolutionProperties) = preSolution
		HideSolutionNode = FALSE
	EndGlobalSection
	GlobalSection(ExtensibilityGlobals) = postSolution
		SolutionGuid = {0FC157D7-58A5-4F0B-8298-0E678C9F02EC}
	EndGlobalSection
EndGlobal
